{
  "requires": true,
  "lockfileVersion": 1,
  "dependencies": {
    "vue-affix": {
      "version": "0.5.2",
      "resolved": "https://registry.npmjs.org/vue-affix/-/vue-affix-0.5.2.tgz",
      "integrity": "sha512-60TedWOHHuqTpaZsTni9yyc+FwH4qP/Kjt6QegK7Hv1G+tP/CJ7+K1mTRsrEJkjUq55Q0a7hjHTblv+Y+u4o0Q=="
    }
  }
}
